{
  "version": 1,
  "root": "root",
  "packages": [
    {
      "id": "git:383a36ce72376853:b44b3de82bccc924f2c498b2d5f1976526070ef5",
      "name": "cooper",
      "git": "https://github.com/akonwi/cooper.git",
      "commit": "b44b3de82bccc924f2c498b2d5f1976526070ef5",
      "requested": "b44b3de82bccc924f2c498b2d5f1976526070ef5",
      "integrity": "sha256:42471568b93cef4a264e1c8729583d83e5d6b7ab3ed1c59811a79f2ead8910b4"
    },
    {
      "id": "root",
      "name": "kit",
      "path": ".",
      "dependencies": {
        "cooper": "git:383a36ce72376853:b44b3de82bccc924f2c498b2d5f1976526070ef5"
      }
    }
  ]
}
