{
  "version": 1,
  "root": "root",
  "packages": [
    {
      "id": "git:383a36ce72376853:ecaf8d48b589dab2e7970052542a4ebed0c140d4",
      "name": "cooper",
      "git": "https://github.com/akonwi/cooper.git",
      "commit": "ecaf8d48b589dab2e7970052542a4ebed0c140d4",
      "requested": "ecaf8d48b589dab2e7970052542a4ebed0c140d4",
      "integrity": "sha256:469aae66c0f7933d8d16d359cae8098b96e14059014f85103c4cfe5a49d8431e"
    },
    {
      "id": "root",
      "name": "kit",
      "path": ".",
      "dependencies": {
        "cooper": "git:383a36ce72376853:ecaf8d48b589dab2e7970052542a4ebed0c140d4"
      }
    }
  ]
}
